
Microsoft Visual Studio Solution File, Format Version 12.00
# Visual Studio Version 16
VisualStudioVersion = 16.0.29230.47
MinimumVisualStudioVersion = 10.0.40219.1
Project("{FAE04EC0-301F-11D3-BF4B-00C04F79EFBC}") = "HelloWorldCS", "HelloWorldCS.csproj", "{AE269C0F-CE38-4B54-878F-4B4B574C783E}"
EndProject
Global
	GlobalSection(SolutionConfigurationPlatforms) = preSolution
		Debug|Any CPU = Debug|Any CPU
		Release|Any CPU = Release|Any CPU
	EndGlobalSection
	GlobalSection(ProjectConfigurationPlatforms) = postSolution
		{AE269C0F-CE38-4B54-878F-4B4B574C783E}.Debug|Any CPU.ActiveCfg = Debug|Any CPU
		{AE269C0F-CE38-4B54-878F-4B4B574C783E}.Debug|Any CPU.Build.0 = Debug|Any CPU
		{AE269C0F-CE38-4B54-878F-4B4B574C783E}.Release|Any CPU.ActiveCfg = Release|Any CPU
		{AE269C0F-CE38-4B54-878F-4B4B574C783E}.Release|Any CPU.Build.0 = Release|Any CPU
	EndGlobalSection
	GlobalSection(SolutionProperties) = preSolution
		HideSolutionNode = FALSE
	EndGlobalSection
	GlobalSection(ExtensibilityGlobals) = postSolution
		SolutionGuid = {F360F408-9034-4BBF-B0B3-97D96D7846CB}
	EndGlobalSection
EndGlobal
